
Microsoft Visual Studio Solution File, Format Version 12.00
# Visual Studio 14
VisualStudioVersion = 14.0.25420.1
MinimumVisualStudioVersion = 10.0.40219.1
Project("{FAE04EC0-301F-11D3-BF4B-00C04F79EFBC}") = "Winther.Gui", "Winther.Gui\Winther.Gui.csproj", "{9120DA53-3574-4DAD-B716-8B8F3752C8FC}"
EndProject
Project("{FAE04EC0-301F-11D3-BF4B-00C04F79EFBC}") = "Winther.Domain", "Winther.Domain\Winther.Domain.csproj", "{A5D9B3AB-3FC6-4A10-94B1-5D102926082E}"
EndProject
Project("{FAE04EC0-301F-11D3-BF4B-00C04F79EFBC}") = "Winther.OWMIntegration", "Winther.OWMIntegration\Winther.OWMIntegration.csproj", "{A425A424-41C3-4DAE-ACCC-BAC08659E746}"
EndProject
Global
	GlobalSection(SolutionConfigurationPlatforms) = preSolution
		Debug|Any CPU = Debug|Any CPU
		Release|Any CPU = Release|Any CPU
	EndGlobalSection
	GlobalSection(ProjectConfigurationPlatforms) = postSolution
		{9120DA53-3574-4DAD-B716-8B8F3752C8FC}.Debug|Any CPU.ActiveCfg = Debug|Any CPU
		{9120DA53-3574-4DAD-B716-8B8F3752C8FC}.Debug|Any CPU.Build.0 = Debug|Any CPU
		{9120DA53-3574-4DAD-B716-8B8F3752C8FC}.Release|Any CPU.ActiveCfg = Release|Any CPU
		{9120DA53-3574-4DAD-B716-8B8F3752C8FC}.Release|Any CPU.Build.0 = Release|Any CPU
		{A5D9B3AB-3FC6-4A10-94B1-5D102926082E}.Debug|Any CPU.ActiveCfg = Debug|Any CPU
		{A5D9B3AB-3FC6-4A10-94B1-5D102926082E}.Debug|Any CPU.Build.0 = Debug|Any CPU
		{A5D9B3AB-3FC6-4A10-94B1-5D102926082E}.Release|Any CPU.ActiveCfg = Release|Any CPU
		{A5D9B3AB-3FC6-4A10-94B1-5D102926082E}.Release|Any CPU.Build.0 = Release|Any CPU
		{A425A424-41C3-4DAE-ACCC-BAC08659E746}.Debug|Any CPU.ActiveCfg = Debug|Any CPU
		{A425A424-41C3-4DAE-ACCC-BAC08659E746}.Debug|Any CPU.Build.0 = Debug|Any CPU
		{A425A424-41C3-4DAE-ACCC-BAC08659E746}.Release|Any CPU.ActiveCfg = Release|Any CPU
		{A425A424-41C3-4DAE-ACCC-BAC08659E746}.Release|Any CPU.Build.0 = Release|Any CPU
	EndGlobalSection
	GlobalSection(SolutionProperties) = preSolution
		HideSolutionNode = FALSE
	EndGlobalSection
EndGlobal
